
Microsoft Visual Studio Solution File, Format Version 12.00
# Visual Studio Version 17
VisualStudioVersion = 17.0.31903.59
MinimumVisualStudioVersion = 10.0.40219.1
Project("{FAE04EC0-301F-11D3-BF4B-00C04F79EFBC}") = "CardSpace", "CardSpace\CardSpace.csproj", "{3543AC76-5239-4837-847D-8ADD116465EA}"
EndProject
Project("{FAE04EC0-301F-11D3-BF4B-00C04F79EFBC}") = "BattleSpace", "BattleSpace\BattleSpace.csproj", "{6B55ED1C-98C9-42FF-9D9B-A1596B5CE63B}"
EndProject
Project("{FAE04EC0-301F-11D3-BF4B-00C04F79EFBC}") = "GameSim", "GameSim\GameSim.csproj", "{7A790D0E-43FD-4AF0-A296-39165621CEDD}"
EndProject
Project("{FAE04EC0-301F-11D3-BF4B-00C04F79EFBC}") = "Utils", "Utils\Utils.csproj", "{39948743-9BC5-496A-B0F2-9446F7A01BB1}"
EndProject
Project("{FAE04EC0-301F-11D3-BF4B-00C04F79EFBC}") = "DataAccess", "DataAccess\DataAccess.csproj", "{EEEDE2DF-4400-4D10-83C8-6E13DDA35298}"
EndProject
Global
	GlobalSection(SolutionConfigurationPlatforms) = preSolution
		Debug|Any CPU = Debug|Any CPU
		Release|Any CPU = Release|Any CPU
	EndGlobalSection
	GlobalSection(SolutionProperties) = preSolution
		HideSolutionNode = FALSE
	EndGlobalSection
	GlobalSection(ProjectConfigurationPlatforms) = postSolution
		{3543AC76-5239-4837-847D-8ADD116465EA}.Debug|Any CPU.ActiveCfg = Debug|Any CPU
		{3543AC76-5239-4837-847D-8ADD116465EA}.Debug|Any CPU.Build.0 = Debug|Any CPU
		{3543AC76-5239-4837-847D-8ADD116465EA}.Release|Any CPU.ActiveCfg = Release|Any CPU
		{3543AC76-5239-4837-847D-8ADD116465EA}.Release|Any CPU.Build.0 = Release|Any CPU
		{6B55ED1C-98C9-42FF-9D9B-A1596B5CE63B}.Debug|Any CPU.ActiveCfg = Debug|Any CPU
		{6B55ED1C-98C9-42FF-9D9B-A1596B5CE63B}.Debug|Any CPU.Build.0 = Debug|Any CPU
		{6B55ED1C-98C9-42FF-9D9B-A1596B5CE63B}.Release|Any CPU.ActiveCfg = Release|Any CPU
		{6B55ED1C-98C9-42FF-9D9B-A1596B5CE63B}.Release|Any CPU.Build.0 = Release|Any CPU
		{7A790D0E-43FD-4AF0-A296-39165621CEDD}.Debug|Any CPU.ActiveCfg = Debug|Any CPU
		{7A790D0E-43FD-4AF0-A296-39165621CEDD}.Debug|Any CPU.Build.0 = Debug|Any CPU
		{7A790D0E-43FD-4AF0-A296-39165621CEDD}.Release|Any CPU.ActiveCfg = Release|Any CPU
		{7A790D0E-43FD-4AF0-A296-39165621CEDD}.Release|Any CPU.Build.0 = Release|Any CPU
		{39948743-9BC5-496A-B0F2-9446F7A01BB1}.Debug|Any CPU.ActiveCfg = Debug|Any CPU
		{39948743-9BC5-496A-B0F2-9446F7A01BB1}.Debug|Any CPU.Build.0 = Debug|Any CPU
		{39948743-9BC5-496A-B0F2-9446F7A01BB1}.Release|Any CPU.ActiveCfg = Release|Any CPU
		{39948743-9BC5-496A-B0F2-9446F7A01BB1}.Release|Any CPU.Build.0 = Release|Any CPU
		{EEEDE2DF-4400-4D10-83C8-6E13DDA35298}.Debug|Any CPU.ActiveCfg = Debug|Any CPU
		{EEEDE2DF-4400-4D10-83C8-6E13DDA35298}.Debug|Any CPU.Build.0 = Debug|Any CPU
		{EEEDE2DF-4400-4D10-83C8-6E13DDA35298}.Release|Any CPU.ActiveCfg = Release|Any CPU
		{EEEDE2DF-4400-4D10-83C8-6E13DDA35298}.Release|Any CPU.Build.0 = Release|Any CPU
	EndGlobalSection
EndGlobal
